
Microsoft Visual Studio Solution File, Format Version 12.00
# Visual Studio Version 17
VisualStudioVersion = 17.12.35527.113
MinimumVisualStudioVersion = 10.0.40219.1
Project("{FAE04EC0-301F-11D3-BF4B-00C04F79EFBC}") = "Mind Wave Keyboard", "Keyboard\Mind Wave Keyboard.csproj", "{7C89B82C-02EC-4194-84A3-37F83DEE1C51}"
EndProject
Global
	GlobalSection(SolutionConfigurationPlatforms) = preSolution
		Debug|Any CPU = Debug|Any CPU
		Release|Any CPU = Release|Any CPU
	EndGlobalSection
	GlobalSection(ProjectConfigurationPlatforms) = postSolution
		{7C89B82C-02EC-4194-84A3-37F83DEE1C51}.Debug|Any CPU.ActiveCfg = Debug|Any CPU
		{7C89B82C-02EC-4194-84A3-37F83DEE1C51}.Debug|Any CPU.Build.0 = Debug|Any CPU
		{7C89B82C-02EC-4194-84A3-37F83DEE1C51}.Release|Any CPU.ActiveCfg = Release|Any CPU
		{7C89B82C-02EC-4194-84A3-37F83DEE1C51}.Release|Any CPU.Build.0 = Release|Any CPU
	EndGlobalSection
	GlobalSection(SolutionProperties) = preSolution
		HideSolutionNode = FALSE
	EndGlobalSection
	GlobalSection(ExtensibilityGlobals) = postSolution
		SolutionGuid = {C440C3FD-94DB-458D-ABCE-5D22858AA5AA}
	EndGlobalSection
EndGlobal
